
Microsoft Visual Studio Solution File, Format Version 12.00
# Visual Studio 2013
VisualStudioVersion = 12.0.21005.1
MinimumVisualStudioVersion = 10.0.40219.1
Project("{FAE04EC0-301F-11D3-BF4B-00C04F79EFBC}") = "Joyride", "Joyride\Joyride.csproj", "{6D170D85-095C-4BA3-87AB-0410210D3113}"
EndProject
Project("{FAE04EC0-301F-11D3-BF4B-00C04F79EFBC}") = "Joyride.Specflow", "Joyride.Specflow\Joyride.Specflow.csproj", "{514CB12A-9AD2-4BA9-9E29-D2F2A67781E0}"
EndProject
Project("{FAE04EC0-301F-11D3-BF4B-00C04F79EFBC}") = "SimpleExpression", "SimpleExpression\SimpleExpression.csproj", "{5FF3AE96-8318-4898-B285-4E98568E595D}"
EndProject
Global
	GlobalSection(SolutionConfigurationPlatforms) = preSolution
		Debug|Any CPU = Debug|Any CPU
		Release|Any CPU = Release|Any CPU
	EndGlobalSection
	GlobalSection(ProjectConfigurationPlatforms) = postSolution
		{6D170D85-095C-4BA3-87AB-0410210D3113}.Debug|Any CPU.ActiveCfg = Debug|Any CPU
		{6D170D85-095C-4BA3-87AB-0410210D3113}.Debug|Any CPU.Build.0 = Debug|Any CPU
		{6D170D85-095C-4BA3-87AB-0410210D3113}.Release|Any CPU.ActiveCfg = Release|Any CPU
		{6D170D85-095C-4BA3-87AB-0410210D3113}.Release|Any CPU.Build.0 = Release|Any CPU
		{514CB12A-9AD2-4BA9-9E29-D2F2A67781E0}.Debug|Any CPU.ActiveCfg = Debug|Any CPU
		{514CB12A-9AD2-4BA9-9E29-D2F2A67781E0}.Debug|Any CPU.Build.0 = Debug|Any CPU
		{514CB12A-9AD2-4BA9-9E29-D2F2A67781E0}.Release|Any CPU.ActiveCfg = Release|Any CPU
		{514CB12A-9AD2-4BA9-9E29-D2F2A67781E0}.Release|Any CPU.Build.0 = Release|Any CPU
		{5FF3AE96-8318-4898-B285-4E98568E595D}.Debug|Any CPU.ActiveCfg = Debug|Any CPU
		{5FF3AE96-8318-4898-B285-4E98568E595D}.Debug|Any CPU.Build.0 = Debug|Any CPU
		{5FF3AE96-8318-4898-B285-4E98568E595D}.Release|Any CPU.ActiveCfg = Release|Any CPU
		{5FF3AE96-8318-4898-B285-4E98568E595D}.Release|Any CPU.Build.0 = Release|Any CPU
	EndGlobalSection
	GlobalSection(SolutionProperties) = preSolution
		HideSolutionNode = FALSE
	EndGlobalSection
EndGlobal
