
Microsoft Visual Studio Solution File, Format Version 12.00
# Visual Studio 2013
VisualStudioVersion = 12.0.40629.0
MinimumVisualStudioVersion = 10.0.40219.1
Project("{FAE04EC0-301F-11D3-BF4B-00C04F79EFBC}") = "Joyride", "Joyride\Joyride.csproj", "{6D170D85-095C-4BA3-87AB-0410210D3113}"
EndProject
Project("{FAE04EC0-301F-11D3-BF4B-00C04F79EFBC}") = "Joyride.Specflow", "Joyride.Specflow\Joyride.Specflow.csproj", "{514CB12A-9AD2-4BA9-9E29-D2F2A67781E0}"
EndProject
Project("{2150E333-8FDC-42A3-9474-1A3956D46DE8}") = ".nuget", ".nuget", "{7C4BAEBC-2B52-4DB5-8A66-20F533F6855A}"
	ProjectSection(SolutionItems) = preProject
		.nuget\NuGet.Config = .nuget\NuGet.Config
		.nuget\NuGet.exe = .nuget\NuGet.exe
		.nuget\NuGet.targets = .nuget\NuGet.targets
	EndProjectSection
EndProject
Project("{FAE04EC0-301F-11D3-BF4B-00C04F79EFBC}") = "Tests.Android.Native", "Tests\Android.Native\Tests.Android.Native.csproj", "{4C48828E-2D9F-4695-83F5-8B67F0891971}"
EndProject
Project("{FAE04EC0-301F-11D3-BF4B-00C04F79EFBC}") = "Joyride.Starter", "Joyride.Starter\Joyride.Starter.csproj", "{A4D19E35-D6B4-4DD9-B9EB-4A885B555F75}"
EndProject
Project("{FAE04EC0-301F-11D3-BF4B-00C04F79EFBC}") = "Joyride.Tools", "Joyride.Tools\Joyride.Tools.csproj", "{743E893A-256B-489B-9AD5-D6035CAB9F47}"
EndProject
Global
	GlobalSection(SolutionConfigurationPlatforms) = preSolution
		Debug|Any CPU = Debug|Any CPU
		Release|Any CPU = Release|Any CPU
	EndGlobalSection
	GlobalSection(ProjectConfigurationPlatforms) = postSolution
		{6D170D85-095C-4BA3-87AB-0410210D3113}.Debug|Any CPU.ActiveCfg = Debug|Any CPU
		{6D170D85-095C-4BA3-87AB-0410210D3113}.Debug|Any CPU.Build.0 = Debug|Any CPU
		{6D170D85-095C-4BA3-87AB-0410210D3113}.Release|Any CPU.ActiveCfg = Release|Any CPU
		{6D170D85-095C-4BA3-87AB-0410210D3113}.Release|Any CPU.Build.0 = Release|Any CPU
		{514CB12A-9AD2-4BA9-9E29-D2F2A67781E0}.Debug|Any CPU.ActiveCfg = Debug|Any CPU
		{514CB12A-9AD2-4BA9-9E29-D2F2A67781E0}.Debug|Any CPU.Build.0 = Debug|Any CPU
		{514CB12A-9AD2-4BA9-9E29-D2F2A67781E0}.Release|Any CPU.ActiveCfg = Release|Any CPU
		{514CB12A-9AD2-4BA9-9E29-D2F2A67781E0}.Release|Any CPU.Build.0 = Release|Any CPU
		{4C48828E-2D9F-4695-83F5-8B67F0891971}.Debug|Any CPU.ActiveCfg = Debug|Any CPU
		{4C48828E-2D9F-4695-83F5-8B67F0891971}.Debug|Any CPU.Build.0 = Debug|Any CPU
		{4C48828E-2D9F-4695-83F5-8B67F0891971}.Release|Any CPU.ActiveCfg = Release|Any CPU
		{4C48828E-2D9F-4695-83F5-8B67F0891971}.Release|Any CPU.Build.0 = Release|Any CPU
		{A4D19E35-D6B4-4DD9-B9EB-4A885B555F75}.Debug|Any CPU.ActiveCfg = Debug|Any CPU
		{A4D19E35-D6B4-4DD9-B9EB-4A885B555F75}.Debug|Any CPU.Build.0 = Debug|Any CPU
		{A4D19E35-D6B4-4DD9-B9EB-4A885B555F75}.Release|Any CPU.ActiveCfg = Release|Any CPU
		{A4D19E35-D6B4-4DD9-B9EB-4A885B555F75}.Release|Any CPU.Build.0 = Release|Any CPU
		{743E893A-256B-489B-9AD5-D6035CAB9F47}.Debug|Any CPU.ActiveCfg = Debug|Any CPU
		{743E893A-256B-489B-9AD5-D6035CAB9F47}.Debug|Any CPU.Build.0 = Debug|Any CPU
		{743E893A-256B-489B-9AD5-D6035CAB9F47}.Release|Any CPU.ActiveCfg = Release|Any CPU
		{743E893A-256B-489B-9AD5-D6035CAB9F47}.Release|Any CPU.Build.0 = Release|Any CPU
	EndGlobalSection
	GlobalSection(SolutionProperties) = preSolution
		HideSolutionNode = FALSE
	EndGlobalSection
EndGlobal
